PODS:
  - AFNetworking (4.0.1):
    - AFNetworking/NSURLSession (= 4.0.1)
    - AFNetworking/Reachability (= 4.0.1)
    - AFNetworking/Security (= 4.0.1)
    - AFNetworking/Serialization (= 4.0.1)
    - AFNetworking/UIKit (= 4.0.1)
  - AFNetworking/NSURLSession (4.0.1):
    - AFNetworking/Reachability
    - AFNetworking/Security
    - AFNetworking/Serialization
  - AFNetworking/Reachability (4.0.1)
  - AFNetworking/Security (4.0.1)
  - AFNetworking/Serialization (4.0.1)
  - AFNetworking/UIKit (4.0.1):
    - AFNetworking/NSURLSession
  - EGOCache (2.2.0)

DEPENDENCIES:
  - AFNetworking
  - EGOCache

SPEC REPOS:
  trunk:
    - AFNetworking
    - EGOCache

SPEC CHECKSUMS:
  AFNetworking: 7864c38297c79aaca1500c33288e429c3451fdce
  EGOCache: 191fd213da6804d487b49b1a91772ba904f3e324

PODFILE CHECKSUM: 9a4fbee4f0ba2233ddd0e1af933ce8a6faeee227

COCOAPODS: 1.11.2
